// !$*UTF8*$!
{
	archiveVersion = 1;
	classes = {
	};
	objectVersion = 56;
	objects = {

/* Begin PBXBuildFile section */
		A10000000000000000000031 /* EchoApp.swift in Sources */ = {isa = PBXBuildFile; fileRef = A10000000000000000000021 /* EchoApp.swift */; };
		A10000000000000000000032 /* AppShellView.swift in Sources */ = {isa = PBXBuildFile; fileRef = A10000000000000000000022 /* AppShellView.swift */; };
		A10000000000000000000033 /* Assets.xcassets in Resources */ = {isa = PBXBuildFile; fileRef = A10000000000000000000023 /* Assets.xcassets */; };
		B10000000000000000000001 /* EchoDayIdentifier.swift in Sources */ = {isa = PBXBuildFile; fileRef = B10000000000000000000021 /* EchoDayIdentifier.swift */; };
		B10000000000000000000002 /* EchoEntryClassification.swift in Sources */ = {isa = PBXBuildFile; fileRef = B10000000000000000000022 /* EchoEntryClassification.swift */; };
		B10000000000000000000003 /* EchoEntry.swift in Sources */ = {isa = PBXBuildFile; fileRef = B10000000000000000000023 /* EchoEntry.swift */; };
		B10000000000000000000004 /* EchoDay.swift in Sources */ = {isa = PBXBuildFile; fileRef = B10000000000000000000024 /* EchoDay.swift */; };
		B10000000000000000000005 /* EchoHighlight.swift in Sources */ = {isa = PBXBuildFile; fileRef = B10000000000000000000025 /* EchoHighlight.swift */; };
		B10000000000000000000006 /* EchoEntryRepository.swift in Sources */ = {isa = PBXBuildFile; fileRef = B10000000000000000000026 /* EchoEntryRepository.swift */; };
		B10000000000000000000007 /* EchoHighlightRepository.swift in Sources */ = {isa = PBXBuildFile; fileRef = B10000000000000000000027 /* EchoHighlightRepository.swift */; };
		B10000000000000000000008 /* TestSupport.swift in Sources */ = {isa = PBXBuildFile; fileRef = B10000000000000000000028 /* TestSupport.swift */; };
		B10000000000000000000009 /* EchoEntryTests.swift in Sources */ = {isa = PBXBuildFile; fileRef = B10000000000000000000029 /* EchoEntryTests.swift */; };
		B1000000000000000000000A /* EchoDayTests.swift in Sources */ = {isa = PBXBuildFile; fileRef = B1000000000000000000002A /* EchoDayTests.swift */; };
		B1000000000000000000000B /* EchoHighlightTests.swift in Sources */ = {isa = PBXBuildFile; fileRef = B1000000000000000000002B /* EchoHighlightTests.swift */; };
		C10000000000000000000001 /* EchoRepositoryError.swift in Sources */ = {isa = PBXBuildFile; fileRef = C10000000000000000000021 /* EchoRepositoryError.swift */; };
		C10000000000000000000002 /* PersistentEchoEntry.swift in Sources */ = {isa = PBXBuildFile; fileRef = C10000000000000000000022 /* PersistentEchoEntry.swift */; };
		C10000000000000000000003 /* PersistentEchoHighlight.swift in Sources */ = {isa = PBXBuildFile; fileRef = C10000000000000000000023 /* PersistentEchoHighlight.swift */; };
		C10000000000000000000004 /* EchoSchema.swift in Sources */ = {isa = PBXBuildFile; fileRef = C10000000000000000000024 /* EchoSchema.swift */; };
		C10000000000000000000005 /* EchoModelContainerFactory.swift in Sources */ = {isa = PBXBuildFile; fileRef = C10000000000000000000025 /* EchoModelContainerFactory.swift */; };
		C10000000000000000000006 /* EchoPersistenceMapper.swift in Sources */ = {isa = PBXBuildFile; fileRef = C10000000000000000000026 /* EchoPersistenceMapper.swift */; };
		C10000000000000000000007 /* SwiftDataEchoEntryRepository.swift in Sources */ = {isa = PBXBuildFile; fileRef = C10000000000000000000027 /* SwiftDataEchoEntryRepository.swift */; };
		C10000000000000000000008 /* SwiftDataEchoHighlightRepository.swift in Sources */ = {isa = PBXBuildFile; fileRef = C10000000000000000000028 /* SwiftDataEchoHighlightRepository.swift */; };
		C10000000000000000000009 /* SwiftDataEchoEntryRepositoryTests.swift in Sources */ = {isa = PBXBuildFile; fileRef = C10000000000000000000029 /* SwiftDataEchoEntryRepositoryTests.swift */; };
		C1000000000000000000000A /* SwiftDataEchoHighlightRepositoryTests.swift in Sources */ = {isa = PBXBuildFile; fileRef = C1000000000000000000002A /* SwiftDataEchoHighlightRepositoryTests.swift */; };
		C1000000000000000000000B /* EchoModelContainerFactoryTests.swift in Sources */ = {isa = PBXBuildFile; fileRef = C1000000000000000000002B /* EchoModelContainerFactoryTests.swift */; };
		D10000000000000000000001 /* TodayViewModel.swift in Sources */ = {isa = PBXBuildFile; fileRef = D10000000000000000000021 /* TodayViewModel.swift */; };
		D10000000000000000000002 /* TodayViewModelTests.swift in Sources */ = {isa = PBXBuildFile; fileRef = D10000000000000000000022 /* TodayViewModelTests.swift */; };
		E10000000000000000000001 /* TodayView.swift in Sources */ = {isa = PBXBuildFile; fileRef = E10000000000000000000021 /* TodayView.swift */; };
		F10000000000000000000001 /* EntryEditorView.swift in Sources */ = {isa = PBXBuildFile; fileRef = F10000000000000000000021 /* EntryEditorView.swift */; };
		G10000000000000000000001 /* TimelineViewModel.swift in Sources */ = {isa = PBXBuildFile; fileRef = G10000000000000000000021 /* TimelineViewModel.swift */; };
		G10000000000000000000002 /* TimelineViewModelTests.swift in Sources */ = {isa = PBXBuildFile; fileRef = G10000000000000000000022 /* TimelineViewModelTests.swift */; };
		H10000000000000000000001 /* TimelineView.swift in Sources */ = {isa = PBXBuildFile; fileRef = H10000000000000000000021 /* TimelineView.swift */; };
		I10000000000000000000001 /* DayDetailView.swift in Sources */ = {isa = PBXBuildFile; fileRef = I10000000000000000000021 /* DayDetailView.swift */; };
		J10000000000000000000001 /* EntryHighlightViewModel.swift in Sources */ = {isa = PBXBuildFile; fileRef = J10000000000000000000021 /* EntryHighlightViewModel.swift */; };
		J10000000000000000000002 /* EntryHighlightButton.swift in Sources */ = {isa = PBXBuildFile; fileRef = J10000000000000000000022 /* EntryHighlightButton.swift */; };
		J10000000000000000000003 /* EntryHighlightViewModelTests.swift in Sources */ = {isa = PBXBuildFile; fileRef = J10000000000000000000023 /* EntryHighlightViewModelTests.swift */; };
		K10000000000000000000001 /* HighlightsViewModel.swift in Sources */ = {isa = PBXBuildFile; fileRef = K10000000000000000000021 /* HighlightsViewModel.swift */; };
		K10000000000000000000002 /* HighlightsView.swift in Sources */ = {isa = PBXBuildFile; fileRef = K10000000000000000000022 /* HighlightsView.swift */; };
		K10000000000000000000003 /* HighlightsViewModelTests.swift in Sources */ = {isa = PBXBuildFile; fileRef = K10000000000000000000023 /* HighlightsViewModelTests.swift */; };
		L10000000000000000000001 /* EchoAIService.swift in Sources */ = {isa = PBXBuildFile; fileRef = L10000000000000000000021 /* EchoAIService.swift */; };
		L10000000000000000000002 /* DeterministicLocalAIService.swift in Sources */ = {isa = PBXBuildFile; fileRef = L10000000000000000000022 /* DeterministicLocalAIService.swift */; };
		L10000000000000000000003 /* EchoAIServiceTests.swift in Sources */ = {isa = PBXBuildFile; fileRef = L10000000000000000000023 /* EchoAIServiceTests.swift */; };
		M10000000000000000000001 /* EchoOrganizedJournal.swift in Sources */ = {isa = PBXBuildFile; fileRef = M10000000000000000000021 /* EchoOrganizedJournal.swift */; };
		M10000000000000000000002 /* EchoOrganizedJournalRepository.swift in Sources */ = {isa = PBXBuildFile; fileRef = M10000000000000000000022 /* EchoOrganizedJournalRepository.swift */; };
		M10000000000000000000003 /* PersistentEchoOrganizedJournal.swift in Sources */ = {isa = PBXBuildFile; fileRef = M10000000000000000000023 /* PersistentEchoOrganizedJournal.swift */; };
		M10000000000000000000004 /* SwiftDataEchoOrganizedJournalRepository.swift in Sources */ = {isa = PBXBuildFile; fileRef = M10000000000000000000024 /* SwiftDataEchoOrganizedJournalRepository.swift */; };
		M10000000000000000000005 /* EchoOrganizedJournalTests.swift in Sources */ = {isa = PBXBuildFile; fileRef = M10000000000000000000025 /* EchoOrganizedJournalTests.swift */; };
		M10000000000000000000006 /* SwiftDataEchoOrganizedJournalRepositoryTests.swift in Sources */ = {isa = PBXBuildFile; fileRef = M10000000000000000000026 /* SwiftDataEchoOrganizedJournalRepositoryTests.swift */; };
		N10000000000000000000001 /* DayOrganizationViewModel.swift in Sources */ = {isa = PBXBuildFile; fileRef = N10000000000000000000021 /* DayOrganizationViewModel.swift */; };
		N10000000000000000000002 /* DayOrganizationViewModelTests.swift in Sources */ = {isa = PBXBuildFile; fileRef = N10000000000000000000022 /* DayOrganizationViewModelTests.swift */; };
		P10000000000000000000001 /* EchoPresentationFoundation.swift in Sources */ = {isa = PBXBuildFile; fileRef = P10000000000000000000021 /* EchoPresentationFoundation.swift */; };
		Q10000000000000000000001 /* EchoPage.swift in Sources */ = {isa = PBXBuildFile; fileRef = Q10000000000000000000021 /* EchoPage.swift */; };
		Q10000000000000000000002 /* EchoScreenHeader.swift in Sources */ = {isa = PBXBuildFile; fileRef = Q10000000000000000000022 /* EchoScreenHeader.swift */; };
		Q10000000000000000000003 /* EchoSurface.swift in Sources */ = {isa = PBXBuildFile; fileRef = Q10000000000000000000023 /* EchoSurface.swift */; };
		Q10000000000000000000004 /* EchoContentState.swift in Sources */ = {isa = PBXBuildFile; fileRef = Q10000000000000000000024 /* EchoContentState.swift */; };
		Q10000000000000000000005 /* EchoEntryPresentation.swift in Sources */ = {isa = PBXBuildFile; fileRef = Q10000000000000000000025 /* EchoEntryPresentation.swift */; };
		Q10000000000000000000006 /* EchoPrimaryNavigation.swift in Sources */ = {isa = PBXBuildFile; fileRef = Q10000000000000000000026 /* EchoPrimaryNavigation.swift */; };
		R10000000000000000000001 /* EchoVisualWorld.swift in Sources */ = {isa = PBXBuildFile; fileRef = R10000000000000000000021 /* EchoVisualWorld.swift */; };
		R10000000000000000000002 /* EchoWorldCanvas.swift in Sources */ = {isa = PBXBuildFile; fileRef = R10000000000000000000022 /* EchoWorldCanvas.swift */; };
		S10000000000000000000001 /* EchoVisualWorldSelection.swift in Sources */ = {isa = PBXBuildFile; fileRef = S10000000000000000000021 /* EchoVisualWorldSelection.swift */; };
		S10000000000000000000002 /* SettingsView.swift in Sources */ = {isa = PBXBuildFile; fileRef = S10000000000000000000022 /* SettingsView.swift */; };
		S10000000000000000000003 /* EchoVisualWorldSelectionTests.swift in Sources */ = {isa = PBXBuildFile; fileRef = S10000000000000000000023 /* EchoVisualWorldSelectionTests.swift */; };
		T10000000000000000000001 /* EchoDataExportService.swift in Sources */ = {isa = PBXBuildFile; fileRef = T10000000000000000000021 /* EchoDataExportService.swift */; };
		U10000000000000000000001 /* EchoPrivacyLock.swift in Sources */ = {isa = PBXBuildFile; fileRef = U10000000000000000000021 /* EchoPrivacyLock.swift */; };
		U10000000000000000000002 /* EchoPrivacyLockControllerTests.swift in Sources */ = {isa = PBXBuildFile; fileRef = U10000000000000000000022 /* EchoPrivacyLockControllerTests.swift */; };
/* End PBXBuildFile section */

/* Begin PBXContainerItemProxy section */
		B10000000000000000000060 /* PBXContainerItemProxy */ = {
			isa = PBXContainerItemProxy;
			containerPortal = A10000000000000000000000 /* Project object */;
			proxyType = 1;
			remoteGlobalIDString = A10000000000000000000010;
			remoteInfo = Echo;
		};
/* End PBXContainerItemProxy section */

/* Begin PBXFileReference section */
		A10000000000000000000020 /* Echo.app */ = {isa = PBXFileReference; explicitFileType = wrapper.application; includeInIndex = 0; path = Echo.app; sourceTree = BUILT_PRODUCTS_DIR; };
		A10000000000000000000021 /* EchoApp.swift */ = {isa = PBXFileReference; lastKnownFileType = sourcecode.swift; path = EchoApp.swift; sourceTree = "<group>"; };
		A10000000000000000000022 /* AppShellView.swift */ = {isa = PBXFileReference; lastKnownFileType = sourcecode.swift; path = AppShellView.swift; sourceTree = "<group>"; };
		A10000000000000000000023 /* Assets.xcassets */ = {isa = PBXFileReference; lastKnownFileType = folder.assetcatalog; path = Assets.xcassets; sourceTree = "<group>"; };
		B10000000000000000000021 /* EchoDayIdentifier.swift */ = {isa = PBXFileReference; lastKnownFileType = sourcecode.swift; path = EchoDayIdentifier.swift; sourceTree = "<group>"; };
		B10000000000000000000022 /* EchoEntryClassification.swift */ = {isa = PBXFileReference; lastKnownFileType = sourcecode.swift; path = EchoEntryClassification.swift; sourceTree = "<group>"; };
		B10000000000000000000023 /* EchoEntry.swift */ = {isa = PBXFileReference; lastKnownFileType = sourcecode.swift; path = EchoEntry.swift; sourceTree = "<group>"; };
		B10000000000000000000024 /* EchoDay.swift */ = {isa = PBXFileReference; lastKnownFileType = sourcecode.swift; path = EchoDay.swift; sourceTree = "<group>"; };
		B10000000000000000000025 /* EchoHighlight.swift */ = {isa = PBXFileReference; lastKnownFileType = sourcecode.swift; path = EchoHighlight.swift; sourceTree = "<group>"; };
		B10000000000000000000026 /* EchoEntryRepository.swift */ = {isa = PBXFileReference; lastKnownFileType = sourcecode.swift; path = EchoEntryRepository.swift; sourceTree = "<group>"; };
		B10000000000000000000027 /* EchoHighlightRepository.swift */ = {isa = PBXFileReference; lastKnownFileType = sourcecode.swift; path = EchoHighlightRepository.swift; sourceTree = "<group>"; };
		B10000000000000000000028 /* TestSupport.swift */ = {isa = PBXFileReference; lastKnownFileType = sourcecode.swift; path = TestSupport.swift; sourceTree = "<group>"; };
		B10000000000000000000029 /* EchoEntryTests.swift */ = {isa = PBXFileReference; lastKnownFileType = sourcecode.swift; path = EchoEntryTests.swift; sourceTree = "<group>"; };
		B1000000000000000000002A /* EchoDayTests.swift */ = {isa = PBXFileReference; lastKnownFileType = sourcecode.swift; path = EchoDayTests.swift; sourceTree = "<group>"; };
		B1000000000000000000002B /* EchoHighlightTests.swift */ = {isa = PBXFileReference; lastKnownFileType = sourcecode.swift; path = EchoHighlightTests.swift; sourceTree = "<group>"; };
		B1000000000000000000002C /* EchoTests.xctest */ = {isa = PBXFileReference; explicitFileType = wrapper.cfbundle; includeInIndex = 0; path = EchoTests.xctest; sourceTree = BUILT_PRODUCTS_DIR; };
		C10000000000000000000021 /* EchoRepositoryError.swift */ = {isa = PBXFileReference; lastKnownFileType = sourcecode.swift; path = EchoRepositoryError.swift; sourceTree = "<group>"; };
		C10000000000000000000022 /* PersistentEchoEntry.swift */ = {isa = PBXFileReference; lastKnownFileType = sourcecode.swift; path = PersistentEchoEntry.swift; sourceTree = "<group>"; };
		C10000000000000000000023 /* PersistentEchoHighlight.swift */ = {isa = PBXFileReference; lastKnownFileType = sourcecode.swift; path = PersistentEchoHighlight.swift; sourceTree = "<group>"; };
		C10000000000000000000024 /* EchoSchema.swift */ = {isa = PBXFileReference; lastKnownFileType = sourcecode.swift; path = EchoSchema.swift; sourceTree = "<group>"; };
		C10000000000000000000025 /* EchoModelContainerFactory.swift */ = {isa = PBXFileReference; lastKnownFileType = sourcecode.swift; path = EchoModelContainerFactory.swift; sourceTree = "<group>"; };
		C10000000000000000000026 /* EchoPersistenceMapper.swift */ = {isa = PBXFileReference; lastKnownFileType = sourcecode.swift; path = EchoPersistenceMapper.swift; sourceTree = "<group>"; };
		C10000000000000000000027 /* SwiftDataEchoEntryRepository.swift */ = {isa = PBXFileReference; lastKnownFileType = sourcecode.swift; path = SwiftDataEchoEntryRepository.swift; sourceTree = "<group>"; };
		C10000000000000000000028 /* SwiftDataEchoHighlightRepository.swift */ = {isa = PBXFileReference; lastKnownFileType = sourcecode.swift; path = SwiftDataEchoHighlightRepository.swift; sourceTree = "<group>"; };
		C10000000000000000000029 /* SwiftDataEchoEntryRepositoryTests.swift */ = {isa = PBXFileReference; lastKnownFileType = sourcecode.swift; path = SwiftDataEchoEntryRepositoryTests.swift; sourceTree = "<group>"; };
		C1000000000000000000002A /* SwiftDataEchoHighlightRepositoryTests.swift */ = {isa = PBXFileReference; lastKnownFileType = sourcecode.swift; path = SwiftDataEchoHighlightRepositoryTests.swift; sourceTree = "<group>"; };
		C1000000000000000000002B /* EchoModelContainerFactoryTests.swift */ = {isa = PBXFileReference; lastKnownFileType = sourcecode.swift; path = EchoModelContainerFactoryTests.swift; sourceTree = "<group>"; };
		D10000000000000000000021 /* TodayViewModel.swift */ = {isa = PBXFileReference; lastKnownFileType = sourcecode.swift; path = TodayViewModel.swift; sourceTree = "<group>"; };
		D10000000000000000000022 /* TodayViewModelTests.swift */ = {isa = PBXFileReference; lastKnownFileType = sourcecode.swift; path = TodayViewModelTests.swift; sourceTree = "<group>"; };
		E10000000000000000000021 /* TodayView.swift */ = {isa = PBXFileReference; lastKnownFileType = sourcecode.swift; path = TodayView.swift; sourceTree = "<group>"; };
		F10000000000000000000021 /* EntryEditorView.swift */ = {isa = PBXFileReference; lastKnownFileType = sourcecode.swift; path = EntryEditorView.swift; sourceTree = "<group>"; };
		G10000000000000000000021 /* TimelineViewModel.swift */ = {isa = PBXFileReference; lastKnownFileType = sourcecode.swift; path = TimelineViewModel.swift; sourceTree = "<group>"; };
		G10000000000000000000022 /* TimelineViewModelTests.swift */ = {isa = PBXFileReference; lastKnownFileType = sourcecode.swift; path = TimelineViewModelTests.swift; sourceTree = "<group>"; };
		H10000000000000000000021 /* TimelineView.swift */ = {isa = PBXFileReference; lastKnownFileType = sourcecode.swift; path = TimelineView.swift; sourceTree = "<group>"; };
		I10000000000000000000021 /* DayDetailView.swift */ = {isa = PBXFileReference; lastKnownFileType = sourcecode.swift; path = DayDetailView.swift; sourceTree = "<group>"; };
		J10000000000000000000021 /* EntryHighlightViewModel.swift */ = {isa = PBXFileReference; lastKnownFileType = sourcecode.swift; path = EntryHighlightViewModel.swift; sourceTree = "<group>"; };
		J10000000000000000000022 /* EntryHighlightButton.swift */ = {isa = PBXFileReference; lastKnownFileType = sourcecode.swift; path = EntryHighlightButton.swift; sourceTree = "<group>"; };
		J10000000000000000000023 /* EntryHighlightViewModelTests.swift */ = {isa = PBXFileReference; lastKnownFileType = sourcecode.swift; path = EntryHighlightViewModelTests.swift; sourceTree = "<group>"; };
		K10000000000000000000021 /* HighlightsViewModel.swift */ = {isa = PBXFileReference; lastKnownFileType = sourcecode.swift; path = HighlightsViewModel.swift; sourceTree = "<group>"; };
		K10000000000000000000022 /* HighlightsView.swift */ = {isa = PBXFileReference; lastKnownFileType = sourcecode.swift; path = HighlightsView.swift; sourceTree = "<group>"; };
		K10000000000000000000023 /* HighlightsViewModelTests.swift */ = {isa = PBXFileReference; lastKnownFileType = sourcecode.swift; path = HighlightsViewModelTests.swift; sourceTree = "<group>"; };
		L10000000000000000000021 /* EchoAIService.swift */ = {isa = PBXFileReference; lastKnownFileType = sourcecode.swift; path = EchoAIService.swift; sourceTree = "<group>"; };
		L10000000000000000000022 /* DeterministicLocalAIService.swift */ = {isa = PBXFileReference; lastKnownFileType = sourcecode.swift; path = DeterministicLocalAIService.swift; sourceTree = "<group>"; };
		L10000000000000000000023 /* EchoAIServiceTests.swift */ = {isa = PBXFileReference; lastKnownFileType = sourcecode.swift; path = EchoAIServiceTests.swift; sourceTree = "<group>"; };
		M10000000000000000000021 /* EchoOrganizedJournal.swift */ = {isa = PBXFileReference; lastKnownFileType = sourcecode.swift; path = EchoOrganizedJournal.swift; sourceTree = "<group>"; };
		M10000000000000000000022 /* EchoOrganizedJournalRepository.swift */ = {isa = PBXFileReference; lastKnownFileType = sourcecode.swift; path = EchoOrganizedJournalRepository.swift; sourceTree = "<group>"; };
		M10000000000000000000023 /* PersistentEchoOrganizedJournal.swift */ = {isa = PBXFileReference; lastKnownFileType = sourcecode.swift; path = PersistentEchoOrganizedJournal.swift; sourceTree = "<group>"; };
		M10000000000000000000024 /* SwiftDataEchoOrganizedJournalRepository.swift */ = {isa = PBXFileReference; lastKnownFileType = sourcecode.swift; path = SwiftDataEchoOrganizedJournalRepository.swift; sourceTree = "<group>"; };
		M10000000000000000000025 /* EchoOrganizedJournalTests.swift */ = {isa = PBXFileReference; lastKnownFileType = sourcecode.swift; path = EchoOrganizedJournalTests.swift; sourceTree = "<group>"; };
		M10000000000000000000026 /* SwiftDataEchoOrganizedJournalRepositoryTests.swift */ = {isa = PBXFileReference; lastKnownFileType = sourcecode.swift; path = SwiftDataEchoOrganizedJournalRepositoryTests.swift; sourceTree = "<group>"; };
		N10000000000000000000021 /* DayOrganizationViewModel.swift */ = {isa = PBXFileReference; lastKnownFileType = sourcecode.swift; path = DayOrganizationViewModel.swift; sourceTree = "<group>"; };
		N10000000000000000000022 /* DayOrganizationViewModelTests.swift */ = {isa = PBXFileReference; lastKnownFileType = sourcecode.swift; path = DayOrganizationViewModelTests.swift; sourceTree = "<group>"; };
		P10000000000000000000021 /* EchoPresentationFoundation.swift */ = {isa = PBXFileReference; lastKnownFileType = sourcecode.swift; path = EchoPresentationFoundation.swift; sourceTree = "<group>"; };
		Q10000000000000000000021 /* EchoPage.swift */ = {isa = PBXFileReference; lastKnownFileType = sourcecode.swift; path = EchoPage.swift; sourceTree = "<group>"; };
		Q10000000000000000000022 /* EchoScreenHeader.swift */ = {isa = PBXFileReference; lastKnownFileType = sourcecode.swift; path = EchoScreenHeader.swift; sourceTree = "<group>"; };
		Q10000000000000000000023 /* EchoSurface.swift */ = {isa = PBXFileReference; lastKnownFileType = sourcecode.swift; path = EchoSurface.swift; sourceTree = "<group>"; };
		Q10000000000000000000024 /* EchoContentState.swift */ = {isa = PBXFileReference; lastKnownFileType = sourcecode.swift; path = EchoContentState.swift; sourceTree = "<group>"; };
		Q10000000000000000000025 /* EchoEntryPresentation.swift */ = {isa = PBXFileReference; lastKnownFileType = sourcecode.swift; path = EchoEntryPresentation.swift; sourceTree = "<group>"; };
		Q10000000000000000000026 /* EchoPrimaryNavigation.swift */ = {isa = PBXFileReference; lastKnownFileType = sourcecode.swift; path = EchoPrimaryNavigation.swift; sourceTree = "<group>"; };
		R10000000000000000000021 /* EchoVisualWorld.swift */ = {isa = PBXFileReference; lastKnownFileType = sourcecode.swift; path = EchoVisualWorld.swift; sourceTree = "<group>"; };
		R10000000000000000000022 /* EchoWorldCanvas.swift */ = {isa = PBXFileReference; lastKnownFileType = sourcecode.swift; path = EchoWorldCanvas.swift; sourceTree = "<group>"; };
		S10000000000000000000021 /* EchoVisualWorldSelection.swift */ = {isa = PBXFileReference; lastKnownFileType = sourcecode.swift; path = EchoVisualWorldSelection.swift; sourceTree = "<group>"; };
		S10000000000000000000022 /* SettingsView.swift */ = {isa = PBXFileReference; lastKnownFileType = sourcecode.swift; path = SettingsView.swift; sourceTree = "<group>"; };
		S10000000000000000000023 /* EchoVisualWorldSelectionTests.swift */ = {isa = PBXFileReference; lastKnownFileType = sourcecode.swift; path = EchoVisualWorldSelectionTests.swift; sourceTree = "<group>"; };
		T10000000000000000000021 /* EchoDataExportService.swift */ = {isa = PBXFileReference; lastKnownFileType = sourcecode.swift; path = EchoDataExportService.swift; sourceTree = "<group>"; };
		U10000000000000000000021 /* EchoPrivacyLock.swift */ = {isa = PBXFileReference; lastKnownFileType = sourcecode.swift; path = EchoPrivacyLock.swift; sourceTree = "<group>"; };
		U10000000000000000000022 /* EchoPrivacyLockControllerTests.swift */ = {isa = PBXFileReference; lastKnownFileType = sourcecode.swift; path = EchoPrivacyLockControllerTests.swift; sourceTree = "<group>"; };
/* End PBXFileReference section */

/* Begin PBXFrameworksBuildPhase section */
		A10000000000000000000041 /* Frameworks */ = {
			isa = PBXFrameworksBuildPhase;
			buildActionMask = 2147483647;
			files = (
			);
			runOnlyForDeploymentPostprocessing = 0;
		};
		B10000000000000000000052 /* Frameworks */ = {
			isa = PBXFrameworksBuildPhase;
			buildActionMask = 2147483647;
			files = (
			);
			runOnlyForDeploymentPostprocessing = 0;
		};
/* End PBXFrameworksBuildPhase section */

/* Begin PBXGroup section */
		A10000000000000000000001 = {
			isa = PBXGroup;
			children = (
				A10000000000000000000002 /* Echo */,
				B10000000000000000000042 /* EchoTests */,
				A10000000000000000000003 /* Products */,
			);
			sourceTree = "<group>";
		};
		A10000000000000000000002 /* Echo */ = {
			isa = PBXGroup;
			children = (
				A10000000000000000000004 /* App */,
				A10000000000000000000005 /* Features */,
				A10000000000000000000006 /* Domain */,
				A10000000000000000000007 /* Data */,
				A10000000000000000000008 /* Services */,
				A10000000000000000000009 /* Hub */,
				A1000000000000000000000A /* Shared */,
			);
			path = Echo;
			sourceTree = "<group>";
		};
		A10000000000000000000003 /* Products */ = {
			isa = PBXGroup;
			children = (
				A10000000000000000000020 /* Echo.app */,
				B1000000000000000000002C /* EchoTests.xctest */,
			);
			name = Products;
			sourceTree = "<group>";
		};
		A10000000000000000000004 /* App */ = {
			isa = PBXGroup;
			children = (
				A10000000000000000000021 /* EchoApp.swift */,
			);
			path = App;
			sourceTree = "<group>";
		};
		A10000000000000000000005 /* Features */ = {
			isa = PBXGroup;
			children = (
				A1000000000000000000000B /* AppShell */,
				D10000000000000000000040 /* Today */,
				F10000000000000000000040 /* EntryEditor */,
				G10000000000000000000040 /* Timeline */,
				I10000000000000000000040 /* DayDetail */,
				J10000000000000000000040 /* Highlights */,
				S10000000000000000000040 /* Settings */,
			);
			path = Features;
			sourceTree = "<group>";
		};
		A10000000000000000000006 /* Domain */ = {
			isa = PBXGroup;
			children = (
				B10000000000000000000040 /* Models */,
				B10000000000000000000041 /* Repositories */,
			);
			path = Domain;
			sourceTree = "<group>";
		};
		A10000000000000000000007 /* Data */ = {
			isa = PBXGroup;
			children = (
				C10000000000000000000040 /* Persistence */,
				C10000000000000000000042 /* Repositories */,
			);
			path = Data;
			sourceTree = "<group>";
		};
		A10000000000000000000008 /* Services */ = {
			isa = PBXGroup;
			children = (
				T10000000000000000000021 /* EchoDataExportService.swift */,
				U10000000000000000000021 /* EchoPrivacyLock.swift */,
				L10000000000000000000040 /* AI */,
			);
			path = Services;
			sourceTree = "<group>";
		};
		A10000000000000000000009 /* Hub */ = {
			isa = PBXGroup;
			children = (
			);
			path = Hub;
			sourceTree = "<group>";
		};
		A1000000000000000000000A /* Shared */ = {
			isa = PBXGroup;
			children = (
				P10000000000000000000040 /* Presentation */,
				A1000000000000000000000C /* Resources */,
			);
			path = Shared;
			sourceTree = "<group>";
		};
		A1000000000000000000000B /* AppShell */ = {
			isa = PBXGroup;
			children = (
				A10000000000000000000022 /* AppShellView.swift */,
			);
			path = AppShell;
			sourceTree = "<group>";
		};
		A1000000000000000000000C /* Resources */ = {
			isa = PBXGroup;
			children = (
				A10000000000000000000023 /* Assets.xcassets */,
			);
			path = Resources;
			sourceTree = "<group>";
		};
		B10000000000000000000040 /* Models */ = {
			isa = PBXGroup;
			children = (
				B10000000000000000000021 /* EchoDayIdentifier.swift */,
				B10000000000000000000022 /* EchoEntryClassification.swift */,
				B10000000000000000000023 /* EchoEntry.swift */,
				B10000000000000000000024 /* EchoDay.swift */,
				B10000000000000000000025 /* EchoHighlight.swift */,
				M10000000000000000000021 /* EchoOrganizedJournal.swift */,
			);
			path = Models;
			sourceTree = "<group>";
		};
		B10000000000000000000041 /* Repositories */ = {
			isa = PBXGroup;
			children = (
				B10000000000000000000026 /* EchoEntryRepository.swift */,
				B10000000000000000000027 /* EchoHighlightRepository.swift */,
				C10000000000000000000021 /* EchoRepositoryError.swift */,
				M10000000000000000000022 /* EchoOrganizedJournalRepository.swift */,
			);
			path = Repositories;
			sourceTree = "<group>";
		};
		B10000000000000000000042 /* EchoTests */ = {
			isa = PBXGroup;
			children = (
				B10000000000000000000028 /* TestSupport.swift */,
				B10000000000000000000029 /* EchoEntryTests.swift */,
				B1000000000000000000002A /* EchoDayTests.swift */,
				B1000000000000000000002B /* EchoHighlightTests.swift */,
				C10000000000000000000029 /* SwiftDataEchoEntryRepositoryTests.swift */,
				C1000000000000000000002A /* SwiftDataEchoHighlightRepositoryTests.swift */,
				C1000000000000000000002B /* EchoModelContainerFactoryTests.swift */,
				D10000000000000000000022 /* TodayViewModelTests.swift */,
				G10000000000000000000022 /* TimelineViewModelTests.swift */,
				J10000000000000000000023 /* EntryHighlightViewModelTests.swift */,
				K10000000000000000000023 /* HighlightsViewModelTests.swift */,
				L10000000000000000000023 /* EchoAIServiceTests.swift */,
				M10000000000000000000025 /* EchoOrganizedJournalTests.swift */,
				M10000000000000000000026 /* SwiftDataEchoOrganizedJournalRepositoryTests.swift */,
				N10000000000000000000022 /* DayOrganizationViewModelTests.swift */,
				S10000000000000000000023 /* EchoVisualWorldSelectionTests.swift */,
				U10000000000000000000022 /* EchoPrivacyLockControllerTests.swift */,
			);
			path = EchoTests;
			sourceTree = "<group>";
		};
		C10000000000000000000040 /* Persistence */ = {
			isa = PBXGroup;
			children = (
				C10000000000000000000041 /* Models */,
				C10000000000000000000024 /* EchoSchema.swift */,
				C10000000000000000000025 /* EchoModelContainerFactory.swift */,
				C10000000000000000000026 /* EchoPersistenceMapper.swift */,
			);
			path = Persistence;
			sourceTree = "<group>";
		};
		C10000000000000000000041 /* Models */ = {
			isa = PBXGroup;
			children = (
				C10000000000000000000022 /* PersistentEchoEntry.swift */,
				C10000000000000000000023 /* PersistentEchoHighlight.swift */,
				M10000000000000000000023 /* PersistentEchoOrganizedJournal.swift */,
			);
			path = Models;
			sourceTree = "<group>";
		};
		C10000000000000000000042 /* Repositories */ = {
			isa = PBXGroup;
			children = (
				C10000000000000000000027 /* SwiftDataEchoEntryRepository.swift */,
				C10000000000000000000028 /* SwiftDataEchoHighlightRepository.swift */,
				M10000000000000000000024 /* SwiftDataEchoOrganizedJournalRepository.swift */,
			);
			path = Repositories;
			sourceTree = "<group>";
		};
		D10000000000000000000040 /* Today */ = {
			isa = PBXGroup;
			children = (
				E10000000000000000000021 /* TodayView.swift */,
				D10000000000000000000021 /* TodayViewModel.swift */,
			);
			path = Today;
			sourceTree = "<group>";
		};
		F10000000000000000000040 /* EntryEditor */ = {
			isa = PBXGroup;
			children = (
				F10000000000000000000021 /* EntryEditorView.swift */,
			);
			path = EntryEditor;
			sourceTree = "<group>";
		};
		G10000000000000000000040 /* Timeline */ = {
			isa = PBXGroup;
			children = (
				H10000000000000000000021 /* TimelineView.swift */,
				G10000000000000000000021 /* TimelineViewModel.swift */,
			);
			path = Timeline;
			sourceTree = "<group>";
		};
		I10000000000000000000040 /* DayDetail */ = {
			isa = PBXGroup;
			children = (
				I10000000000000000000021 /* DayDetailView.swift */,
				N10000000000000000000021 /* DayOrganizationViewModel.swift */,
			);
			path = DayDetail;
			sourceTree = "<group>";
		};
		J10000000000000000000040 /* Highlights */ = {
			isa = PBXGroup;
			children = (
				J10000000000000000000021 /* EntryHighlightViewModel.swift */,
				J10000000000000000000022 /* EntryHighlightButton.swift */,
				K10000000000000000000021 /* HighlightsViewModel.swift */,
				K10000000000000000000022 /* HighlightsView.swift */,
			);
			path = Highlights;
			sourceTree = "<group>";
		};
		L10000000000000000000040 /* AI */ = {
			isa = PBXGroup;
			children = (
				L10000000000000000000021 /* EchoAIService.swift */,
				L10000000000000000000022 /* DeterministicLocalAIService.swift */,
			);
			path = AI;
			sourceTree = "<group>";
		};
		P10000000000000000000040 /* Presentation */ = {
			isa = PBXGroup;
			children = (
				P10000000000000000000041 /* Foundation */,
				Q10000000000000000000040 /* Components */,
				R10000000000000000000040 /* Theming */,
			);
			path = Presentation;
			sourceTree = "<group>";
		};
		P10000000000000000000041 /* Foundation */ = {
			isa = PBXGroup;
			children = (
				P10000000000000000000021 /* EchoPresentationFoundation.swift */,
			);
			path = Foundation;
			sourceTree = "<group>";
		};
		Q10000000000000000000040 /* Components */ = {
			isa = PBXGroup;
			children = (
				Q10000000000000000000021 /* EchoPage.swift */,
				Q10000000000000000000022 /* EchoScreenHeader.swift */,
				Q10000000000000000000023 /* EchoSurface.swift */,
				Q10000000000000000000024 /* EchoContentState.swift */,
				Q10000000000000000000025 /* EchoEntryPresentation.swift */,
				Q10000000000000000000026 /* EchoPrimaryNavigation.swift */,
			);
			path = Components;
			sourceTree = "<group>";
		};
		R10000000000000000000040 /* Theming */ = {
			isa = PBXGroup;
			children = (
				R10000000000000000000021 /* EchoVisualWorld.swift */,
				R10000000000000000000022 /* EchoWorldCanvas.swift */,
				S10000000000000000000021 /* EchoVisualWorldSelection.swift */,
			);
			path = Theming;
			sourceTree = "<group>";
		};
		S10000000000000000000040 /* Settings */ = {
			isa = PBXGroup;
			children = (
				S10000000000000000000022 /* SettingsView.swift */,
			);
			path = Settings;
			sourceTree = "<group>";
		};
/* End PBXGroup section */

/* Begin PBXNativeTarget section */
		A10000000000000000000010 /* Echo */ = {
			isa = PBXNativeTarget;
			buildConfigurationList = A10000000000000000000061 /* Build configuration list for PBXNativeTarget "Echo" */;
			buildPhases = (
				A10000000000000000000040 /* Sources */,
				A10000000000000000000041 /* Frameworks */,
				A10000000000000000000042 /* Resources */,
			);
			buildRules = (
			);
			dependencies = (
			);
			name = Echo;
			productName = Echo;
			productReference = A10000000000000000000020 /* Echo.app */;
			productType = "com.apple.product-type.application";
		};
		B10000000000000000000050 /* EchoTests */ = {
			isa = PBXNativeTarget;
			buildConfigurationList = B10000000000000000000070 /* Build configuration list for PBXNativeTarget "EchoTests" */;
			buildPhases = (
				B10000000000000000000051 /* Sources */,
				B10000000000000000000052 /* Frameworks */,
				B10000000000000000000053 /* Resources */,
			);
			buildRules = (
			);
			dependencies = (
				B10000000000000000000061 /* PBXTargetDependency */,
			);
			name = EchoTests;
			productName = EchoTests;
			productReference = B1000000000000000000002C /* EchoTests.xctest */;
			productType = "com.apple.product-type.bundle.unit-test";
		};
/* End PBXNativeTarget section */

/* Begin PBXProject section */
		A10000000000000000000000 /* Project object */ = {
			isa = PBXProject;
			attributes = {
				BuildIndependentTargetsInParallel = 1;
				LastSwiftUpdateCheck = 2660;
				LastUpgradeCheck = 2660;
				TargetAttributes = {
					A10000000000000000000010 = {
						CreatedOnToolsVersion = 26.6;
					};
					B10000000000000000000050 = {
						CreatedOnToolsVersion = 26.6;
						TestTargetID = A10000000000000000000010;
					};
				};
			};
			buildConfigurationList = A10000000000000000000060 /* Build configuration list for PBXProject "Echo" */;
			compatibilityVersion = "Xcode 14.0";
			developmentRegion = en;
			hasScannedForEncodings = 0;
			knownRegions = (
				en,
				Base,
			);
			mainGroup = A10000000000000000000001;
			productRefGroup = A10000000000000000000003 /* Products */;
			projectDirPath = "";
			projectRoot = "";
			targets = (
				A10000000000000000000010 /* Echo */,
				B10000000000000000000050 /* EchoTests */,
			);
		};
/* End PBXProject section */

/* Begin PBXResourcesBuildPhase section */
		A10000000000000000000042 /* Resources */ = {
			isa = PBXResourcesBuildPhase;
			buildActionMask = 2147483647;
			files = (
				A10000000000000000000033 /* Assets.xcassets in Resources */,
			);
			runOnlyForDeploymentPostprocessing = 0;
		};
		B10000000000000000000053 /* Resources */ = {
			isa = PBXResourcesBuildPhase;
			buildActionMask = 2147483647;
			files = (
			);
			runOnlyForDeploymentPostprocessing = 0;
		};
/* End PBXResourcesBuildPhase section */

/* Begin PBXSourcesBuildPhase section */
		A10000000000000000000040 /* Sources */ = {
			isa = PBXSourcesBuildPhase;
			buildActionMask = 2147483647;
			files = (
				A10000000000000000000031 /* EchoApp.swift in Sources */,
				A10000000000000000000032 /* AppShellView.swift in Sources */,
				B10000000000000000000001 /* EchoDayIdentifier.swift in Sources */,
				B10000000000000000000002 /* EchoEntryClassification.swift in Sources */,
				B10000000000000000000003 /* EchoEntry.swift in Sources */,
				B10000000000000000000004 /* EchoDay.swift in Sources */,
				B10000000000000000000005 /* EchoHighlight.swift in Sources */,
				B10000000000000000000006 /* EchoEntryRepository.swift in Sources */,
				B10000000000000000000007 /* EchoHighlightRepository.swift in Sources */,
				C10000000000000000000001 /* EchoRepositoryError.swift in Sources */,
				C10000000000000000000002 /* PersistentEchoEntry.swift in Sources */,
				C10000000000000000000003 /* PersistentEchoHighlight.swift in Sources */,
				C10000000000000000000004 /* EchoSchema.swift in Sources */,
				C10000000000000000000005 /* EchoModelContainerFactory.swift in Sources */,
				C10000000000000000000006 /* EchoPersistenceMapper.swift in Sources */,
				C10000000000000000000007 /* SwiftDataEchoEntryRepository.swift in Sources */,
				C10000000000000000000008 /* SwiftDataEchoHighlightRepository.swift in Sources */,
				D10000000000000000000001 /* TodayViewModel.swift in Sources */,
				E10000000000000000000001 /* TodayView.swift in Sources */,
				F10000000000000000000001 /* EntryEditorView.swift in Sources */,
				G10000000000000000000001 /* TimelineViewModel.swift in Sources */,
				H10000000000000000000001 /* TimelineView.swift in Sources */,
				I10000000000000000000001 /* DayDetailView.swift in Sources */,
				J10000000000000000000001 /* EntryHighlightViewModel.swift in Sources */,
				J10000000000000000000002 /* EntryHighlightButton.swift in Sources */,
				K10000000000000000000001 /* HighlightsViewModel.swift in Sources */,
				K10000000000000000000002 /* HighlightsView.swift in Sources */,
				L10000000000000000000001 /* EchoAIService.swift in Sources */,
				L10000000000000000000002 /* DeterministicLocalAIService.swift in Sources */,
				M10000000000000000000001 /* EchoOrganizedJournal.swift in Sources */,
				M10000000000000000000002 /* EchoOrganizedJournalRepository.swift in Sources */,
				M10000000000000000000003 /* PersistentEchoOrganizedJournal.swift in Sources */,
				M10000000000000000000004 /* SwiftDataEchoOrganizedJournalRepository.swift in Sources */,
				N10000000000000000000001 /* DayOrganizationViewModel.swift in Sources */,
				P10000000000000000000001 /* EchoPresentationFoundation.swift in Sources */,
				Q10000000000000000000001 /* EchoPage.swift in Sources */,
				Q10000000000000000000002 /* EchoScreenHeader.swift in Sources */,
				Q10000000000000000000003 /* EchoSurface.swift in Sources */,
				Q10000000000000000000004 /* EchoContentState.swift in Sources */,
				Q10000000000000000000005 /* EchoEntryPresentation.swift in Sources */,
				Q10000000000000000000006 /* EchoPrimaryNavigation.swift in Sources */,
				R10000000000000000000001 /* EchoVisualWorld.swift in Sources */,
				R10000000000000000000002 /* EchoWorldCanvas.swift in Sources */,
				S10000000000000000000001 /* EchoVisualWorldSelection.swift in Sources */,
				S10000000000000000000002 /* SettingsView.swift in Sources */,
				T10000000000000000000001 /* EchoDataExportService.swift in Sources */,
				U10000000000000000000001 /* EchoPrivacyLock.swift in Sources */,
			);
			runOnlyForDeploymentPostprocessing = 0;
		};
		B10000000000000000000051 /* Sources */ = {
			isa = PBXSourcesBuildPhase;
			buildActionMask = 2147483647;
			files = (
				B10000000000000000000008 /* TestSupport.swift in Sources */,
				B10000000000000000000009 /* EchoEntryTests.swift in Sources */,
				B1000000000000000000000A /* EchoDayTests.swift in Sources */,
				B1000000000000000000000B /* EchoHighlightTests.swift in Sources */,
				C10000000000000000000009 /* SwiftDataEchoEntryRepositoryTests.swift in Sources */,
				C1000000000000000000000A /* SwiftDataEchoHighlightRepositoryTests.swift in Sources */,
				C1000000000000000000000B /* EchoModelContainerFactoryTests.swift in Sources */,
				D10000000000000000000002 /* TodayViewModelTests.swift in Sources */,
				G10000000000000000000002 /* TimelineViewModelTests.swift in Sources */,
				J10000000000000000000003 /* EntryHighlightViewModelTests.swift in Sources */,
				K10000000000000000000003 /* HighlightsViewModelTests.swift in Sources */,
				L10000000000000000000003 /* EchoAIServiceTests.swift in Sources */,
				M10000000000000000000005 /* EchoOrganizedJournalTests.swift in Sources */,
				M10000000000000000000006 /* SwiftDataEchoOrganizedJournalRepositoryTests.swift in Sources */,
				N10000000000000000000002 /* DayOrganizationViewModelTests.swift in Sources */,
				S10000000000000000000003 /* EchoVisualWorldSelectionTests.swift in Sources */,
				U10000000000000000000002 /* EchoPrivacyLockControllerTests.swift in Sources */,
			);
			runOnlyForDeploymentPostprocessing = 0;
		};
/* End PBXSourcesBuildPhase section */

/* Begin PBXTargetDependency section */
		B10000000000000000000061 /* PBXTargetDependency */ = {
			isa = PBXTargetDependency;
			target = A10000000000000000000010 /* Echo */;
			targetProxy = B10000000000000000000060 /* PBXContainerItemProxy */;
		};
/* End PBXTargetDependency section */

/* Begin XCBuildConfiguration section */
		A10000000000000000000070 /* Debug */ = {
			isa = XCBuildConfiguration;
			buildSettings = {
				ALWAYS_SEARCH_USER_PATHS = NO;
				ASSETCATALOG_COMPILER_GENERATE_SWIFT_ASSET_SYMBOL_EXTENSIONS = YES;
				CLANG_ANALYZER_NONNULL = YES;
				CLANG_ANALYZER_NUMBER_OBJECT_CONVERSION = YES_AGGRESSIVE;
				CLANG_CXX_LANGUAGE_STANDARD = "gnu++20";
				CLANG_ENABLE_MODULES = YES;
				CLANG_ENABLE_OBJC_ARC = YES;
				CLANG_ENABLE_OBJC_WEAK = YES;
				CLANG_WARN_BLOCK_CAPTURE_AUTORELEASING = YES;
				CLANG_WARN_BOOL_CONVERSION = YES;
				CLANG_WARN_COMMA = YES;
				CLANG_WARN_CONSTANT_CONVERSION = YES;
				CLANG_WARN_DEPRECATED_OBJC_IMPLEMENTATIONS = YES;
				CLANG_WARN_DIRECT_OBJC_ISA_USAGE = YES_ERROR;
				CLANG_WARN_DOCUMENTATION_COMMENTS = YES;
				CLANG_WARN_EMPTY_BODY = YES;
				CLANG_WARN_ENUM_CONVERSION = YES;
				CLANG_WARN_INFINITE_RECURSION = YES;
				CLANG_WARN_INT_CONVERSION = YES;
				CLANG_WARN_NON_LITERAL_NULL_CONVERSION = YES;
				CLANG_WARN_OBJC_IMPLICIT_RETAIN_SELF = YES;
				CLANG_WARN_OBJC_LITERAL_CONVERSION = YES;
				CLANG_WARN_OBJC_ROOT_CLASS = YES_ERROR;
				CLANG_WARN_QUOTED_INCLUDE_IN_FRAMEWORK_HEADER = YES;
				CLANG_WARN_RANGE_LOOP_ANALYSIS = YES;
				CLANG_WARN_STRICT_PROTOTYPES = YES;
				CLANG_WARN_SUSPICIOUS_MOVE = YES;
				CLANG_WARN_UNGUARDED_AVAILABILITY = YES_AGGRESSIVE;
				CLANG_WARN_UNREACHABLE_CODE = YES;
				CLANG_WARN__DUPLICATE_METHOD_MATCH = YES;
				COPY_PHASE_STRIP = NO;
				DEBUG_INFORMATION_FORMAT = dwarf;
				ENABLE_TESTABILITY = YES;
				ENABLE_USER_SCRIPT_SANDBOXING = YES;
				GCC_C_LANGUAGE_STANDARD = gnu17;
				GCC_NO_COMMON_BLOCKS = YES;
				GCC_OPTIMIZATION_LEVEL = 0;
				GCC_PREPROCESSOR_DEFINITIONS = (
					"DEBUG=1",
					"$(inherited)",
				);
				MTL_ENABLE_DEBUG_INFO = INCLUDE_SOURCE;
				MTL_FAST_MATH = YES;
				ONLY_ACTIVE_ARCH = YES;
				SWIFT_ACTIVE_COMPILATION_CONDITIONS = "DEBUG $(inherited)";
				SWIFT_OPTIMIZATION_LEVEL = "-Onone";
			};
			name = Debug;
		};
		A10000000000000000000071 /* Release */ = {
			isa = XCBuildConfiguration;
			buildSettings = {
				ALWAYS_SEARCH_USER_PATHS = NO;
				ASSETCATALOG_COMPILER_GENERATE_SWIFT_ASSET_SYMBOL_EXTENSIONS = YES;
				CLANG_ANALYZER_NONNULL = YES;
				CLANG_ANALYZER_NUMBER_OBJECT_CONVERSION = YES_AGGRESSIVE;
				CLANG_CXX_LANGUAGE_STANDARD = "gnu++20";
				CLANG_ENABLE_MODULES = YES;
				CLANG_ENABLE_OBJC_ARC = YES;
				CLANG_ENABLE_OBJC_WEAK = YES;
				CLANG_WARN_BLOCK_CAPTURE_AUTORELEASING = YES;
				CLANG_WARN_BOOL_CONVERSION = YES;
				CLANG_WARN_COMMA = YES;
				CLANG_WARN_CONSTANT_CONVERSION = YES;
				CLANG_WARN_DEPRECATED_OBJC_IMPLEMENTATIONS = YES;
				CLANG_WARN_DIRECT_OBJC_ISA_USAGE = YES_ERROR;
				CLANG_WARN_DOCUMENTATION_COMMENTS = YES;
				CLANG_WARN_EMPTY_BODY = YES;
				CLANG_WARN_ENUM_CONVERSION = YES;
				CLANG_WARN_INFINITE_RECURSION = YES;
				CLANG_WARN_INT_CONVERSION = YES;
				CLANG_WARN_NON_LITERAL_NULL_CONVERSION = YES;
				CLANG_WARN_OBJC_IMPLICIT_RETAIN_SELF = YES;
				CLANG_WARN_OBJC_LITERAL_CONVERSION = YES;
				CLANG_WARN_OBJC_ROOT_CLASS = YES_ERROR;
				CLANG_WARN_QUOTED_INCLUDE_IN_FRAMEWORK_HEADER = YES;
				CLANG_WARN_RANGE_LOOP_ANALYSIS = YES;
				CLANG_WARN_STRICT_PROTOTYPES = YES;
				CLANG_WARN_SUSPICIOUS_MOVE = YES;
				CLANG_WARN_UNGUARDED_AVAILABILITY = YES_AGGRESSIVE;
				CLANG_WARN_UNREACHABLE_CODE = YES;
				CLANG_WARN__DUPLICATE_METHOD_MATCH = YES;
				DEBUG_INFORMATION_FORMAT = "dwarf-with-dsym";
				ENABLE_NS_ASSERTIONS = NO;
				ENABLE_USER_SCRIPT_SANDBOXING = YES;
				GCC_C_LANGUAGE_STANDARD = gnu17;
				GCC_NO_COMMON_BLOCKS = YES;
				MTL_ENABLE_DEBUG_INFO = NO;
				MTL_FAST_MATH = YES;
				SWIFT_COMPILATION_MODE = wholemodule;
			};
			name = Release;
		};
		A10000000000000000000072 /* Debug */ = {
			isa = XCBuildConfiguration;
			buildSettings = {
				ASSETCATALOG_COMPILER_GLOBAL_ACCENT_COLOR_NAME = AccentColor;
				CODE_SIGN_STYLE = Automatic;
				CURRENT_PROJECT_VERSION = 1;
				DEVELOPMENT_TEAM = "";
				ENABLE_APP_SANDBOX = YES;
				ENABLE_HARDENED_RUNTIME = YES;
				ENABLE_PREVIEWS = YES;
				ENABLE_USER_SELECTED_FILES = readwrite;
				GENERATE_INFOPLIST_FILE = YES;
				INFOPLIST_KEY_CFBundleDisplayName = Echo;
				INFOPLIST_KEY_NSFaceIDUsageDescription = "Echo uses Face ID only when you enable Echo Lock to protect your private journal.";
				INFOPLIST_KEY_LSApplicationCategoryType = "public.app-category.lifestyle";
				INFOPLIST_KEY_NSMicrophoneUsageDescription = "Echo uses the microphone only when you choose to record a private voice entry.";
				INFOPLIST_KEY_NSSpeechRecognitionUsageDescription = "Echo can transcribe a voice entry on this device when you request it.";
				INFOPLIST_KEY_UIApplicationSceneManifest_Generation = YES;
				INFOPLIST_KEY_UIApplicationSupportsIndirectInputEvents = YES;
				INFOPLIST_KEY_UILaunchScreen_Generation = YES;
				IPHONEOS_DEPLOYMENT_TARGET = 18.0;
				MACOSX_DEPLOYMENT_TARGET = 15.0;
				MARKETING_VERSION = 0.1.0;
				PRODUCT_BUNDLE_IDENTIFIER = com.frankditz.echo;
				PRODUCT_NAME = "$(TARGET_NAME)";
				SDKROOT = auto;
				SUPPORTED_PLATFORMS = "iphoneos iphonesimulator macosx";
				SUPPORTS_MACCATALYST = NO;
				SUPPORTS_MAC_DESIGNED_FOR_IPHONE_IPAD = NO;
				SWIFT_EMIT_LOC_STRINGS = YES;
				SWIFT_STRICT_CONCURRENCY = complete;
				SWIFT_VERSION = 6.0;
				TARGETED_DEVICE_FAMILY = "1,2";
			};
			name = Debug;
		};
		A10000000000000000000073 /* Release */ = {
			isa = XCBuildConfiguration;
			buildSettings = {
				ASSETCATALOG_COMPILER_GLOBAL_ACCENT_COLOR_NAME = AccentColor;
				CODE_SIGN_STYLE = Automatic;
				CURRENT_PROJECT_VERSION = 1;
				DEVELOPMENT_TEAM = "";
				ENABLE_APP_SANDBOX = YES;
				ENABLE_HARDENED_RUNTIME = YES;
				ENABLE_USER_SELECTED_FILES = readwrite;
				GENERATE_INFOPLIST_FILE = YES;
				INFOPLIST_KEY_CFBundleDisplayName = Echo;
				INFOPLIST_KEY_NSFaceIDUsageDescription = "Echo uses Face ID only when you enable Echo Lock to protect your private journal.";
				INFOPLIST_KEY_LSApplicationCategoryType = "public.app-category.lifestyle";
				INFOPLIST_KEY_NSMicrophoneUsageDescription = "Echo uses the microphone only when you choose to record a private voice entry.";
				INFOPLIST_KEY_NSSpeechRecognitionUsageDescription = "Echo can transcribe a voice entry on this device when you request it.";
				INFOPLIST_KEY_UIApplicationSceneManifest_Generation = YES;
				INFOPLIST_KEY_UIApplicationSupportsIndirectInputEvents = YES;
				INFOPLIST_KEY_UILaunchScreen_Generation = YES;
				IPHONEOS_DEPLOYMENT_TARGET = 18.0;
				MACOSX_DEPLOYMENT_TARGET = 15.0;
				MARKETING_VERSION = 0.1.0;
				PRODUCT_BUNDLE_IDENTIFIER = com.frankditz.echo;
				PRODUCT_NAME = "$(TARGET_NAME)";
				SDKROOT = auto;
				SUPPORTED_PLATFORMS = "iphoneos iphonesimulator macosx";
				SUPPORTS_MACCATALYST = NO;
				SUPPORTS_MAC_DESIGNED_FOR_IPHONE_IPAD = NO;
				SWIFT_EMIT_LOC_STRINGS = YES;
				SWIFT_STRICT_CONCURRENCY = complete;
				SWIFT_VERSION = 6.0;
				TARGETED_DEVICE_FAMILY = "1,2";
			};
			name = Release;
		};
		B10000000000000000000071 /* Debug */ = {
			isa = XCBuildConfiguration;
			buildSettings = {
				BUNDLE_LOADER = "$(TEST_HOST)";
				CODE_SIGN_STYLE = Automatic;
				CURRENT_PROJECT_VERSION = 1;
				DEVELOPMENT_TEAM = "";
				GENERATE_INFOPLIST_FILE = YES;
				IPHONEOS_DEPLOYMENT_TARGET = 18.0;
				MACOSX_DEPLOYMENT_TARGET = 15.0;
				MARKETING_VERSION = 0.1.0;
				PRODUCT_BUNDLE_IDENTIFIER = com.frankditz.echo.tests;
				PRODUCT_NAME = "$(TARGET_NAME)";
				SDKROOT = auto;
				SUPPORTED_PLATFORMS = "iphoneos iphonesimulator macosx";
				SUPPORTS_MACCATALYST = NO;
				SUPPORTS_MAC_DESIGNED_FOR_IPHONE_IPAD = NO;
				SWIFT_EMIT_LOC_STRINGS = NO;
				SWIFT_STRICT_CONCURRENCY = complete;
				SWIFT_VERSION = 6.0;
				TARGETED_DEVICE_FAMILY = "1,2";
				TEST_HOST = "$(BUILT_PRODUCTS_DIR)/Echo.app/$(BUNDLE_EXECUTABLE_FOLDER_PATH)/Echo";
			};
			name = Debug;
		};
		B10000000000000000000072 /* Release */ = {
			isa = XCBuildConfiguration;
			buildSettings = {
				BUNDLE_LOADER = "$(TEST_HOST)";
				CODE_SIGN_STYLE = Automatic;
				CURRENT_PROJECT_VERSION = 1;
				DEVELOPMENT_TEAM = "";
				GENERATE_INFOPLIST_FILE = YES;
				IPHONEOS_DEPLOYMENT_TARGET = 18.0;
				MACOSX_DEPLOYMENT_TARGET = 15.0;
				MARKETING_VERSION = 0.1.0;
				PRODUCT_BUNDLE_IDENTIFIER = com.frankditz.echo.tests;
				PRODUCT_NAME = "$(TARGET_NAME)";
				SDKROOT = auto;
				SUPPORTED_PLATFORMS = "iphoneos iphonesimulator macosx";
				SUPPORTS_MACCATALYST = NO;
				SUPPORTS_MAC_DESIGNED_FOR_IPHONE_IPAD = NO;
				SWIFT_EMIT_LOC_STRINGS = NO;
				SWIFT_STRICT_CONCURRENCY = complete;
				SWIFT_VERSION = 6.0;
				TARGETED_DEVICE_FAMILY = "1,2";
				TEST_HOST = "$(BUILT_PRODUCTS_DIR)/Echo.app/$(BUNDLE_EXECUTABLE_FOLDER_PATH)/Echo";
			};
			name = Release;
		};
/* End XCBuildConfiguration section */

/* Begin XCConfigurationList section */
		A10000000000000000000060 /* Build configuration list for PBXProject "Echo" */ = {
			isa = XCConfigurationList;
			buildConfigurations = (
				A10000000000000000000070 /* Debug */,
				A10000000000000000000071 /* Release */,
			);
			defaultConfigurationIsVisible = 0;
			defaultConfigurationName = Release;
		};
		A10000000000000000000061 /* Build configuration list for PBXNativeTarget "Echo" */ = {
			isa = XCConfigurationList;
			buildConfigurations = (
				A10000000000000000000072 /* Debug */,
				A10000000000000000000073 /* Release */,
			);
			defaultConfigurationIsVisible = 0;
			defaultConfigurationName = Release;
		};
		B10000000000000000000070 /* Build configuration list for PBXNativeTarget "EchoTests" */ = {
			isa = XCConfigurationList;
			buildConfigurations = (
				B10000000000000000000071 /* Debug */,
				B10000000000000000000072 /* Release */,
			);
			defaultConfigurationIsVisible = 0;
			defaultConfigurationName = Release;
		};
/* End XCConfigurationList section */
	};
	rootObject = A10000000000000000000000 /* Project object */;
}
